
Microsoft Visual Studio Solution File, Format Version 12.00
# Visual Studio Version 17
VisualStudioVersion = 17.6.33829.357
MinimumVisualStudioVersion = 10.0.40219.1
Project("{FAE04EC0-301F-11D3-BF4B-00C04F79EFBC}") = "CSharp_dkmonhoc", "CSharp_dkmonhoc.csproj", "{72B0EAAE-03B8-4F4A-AEFB-93F65DB975B2}"
EndProject
Global
	GlobalSection(SolutionConfigurationPlatforms) = preSolution
		Debug|Any CPU = Debug|Any CPU
		Release|Any CPU = Release|Any CPU
	EndGlobalSection
	GlobalSection(ProjectConfigurationPlatforms) = postSolution
		{72B0EAAE-03B8-4F4A-AEFB-93F65DB975B2}.Debug|Any CPU.ActiveCfg = Debug|Any CPU
		{72B0EAAE-03B8-4F4A-AEFB-93F65DB975B2}.Debug|Any CPU.Build.0 = Debug|Any CPU
		{72B0EAAE-03B8-4F4A-AEFB-93F65DB975B2}.Release|Any CPU.ActiveCfg = Release|Any CPU
		{72B0EAAE-03B8-4F4A-AEFB-93F65DB975B2}.Release|Any CPU.Build.0 = Release|Any CPU
	EndGlobalSection
	GlobalSection(SolutionProperties) = preSolution
		HideSolutionNode = FALSE
	EndGlobalSection
	GlobalSection(ExtensibilityGlobals) = postSolution
		SolutionGuid = {B02EB42D-E198-48CD-90D9-AD7325092263}
	EndGlobalSection
EndGlobal
